
Microsoft Visual Studio Solution File, Format Version 12.00
# Visual Studio Version 16
VisualStudioVersion = 16.0.30413.136
MinimumVisualStudioVersion = 10.0.40219.1
Project("{FAE04EC0-301F-11D3-BF4B-00C04F79EFBC}") = "AssignmentNasa", "AssignmentNasa\AssignmentNasa.csproj", "{A5E8D7EF-1A4B-4515-8D5D-419B418F3904}"
EndProject
Global
	GlobalSection(SolutionConfigurationPlatforms) = preSolution
		Debug|Any CPU = Debug|Any CPU
		Release|Any CPU = Release|Any CPU
	EndGlobalSection
	GlobalSection(ProjectConfigurationPlatforms) = postSolution
		{A5E8D7EF-1A4B-4515-8D5D-419B418F3904}.Debug|Any CPU.ActiveCfg = Debug|Any CPU
		{A5E8D7EF-1A4B-4515-8D5D-419B418F3904}.Debug|Any CPU.Build.0 = Debug|Any CPU
		{A5E8D7EF-1A4B-4515-8D5D-419B418F3904}.Release|Any CPU.ActiveCfg = Release|Any CPU
		{A5E8D7EF-1A4B-4515-8D5D-419B418F3904}.Release|Any CPU.Build.0 = Release|Any CPU
	EndGlobalSection
	GlobalSection(SolutionProperties) = preSolution
		HideSolutionNode = FALSE
	EndGlobalSection
	GlobalSection(ExtensibilityGlobals) = postSolution
		SolutionGuid = {7461298C-22BA-4163-A06A-F3B7334AADB4}
	EndGlobalSection
EndGlobal
